
Microsoft Visual Studio Solution File, Format Version 12.00
# Visual Studio Version 16
VisualStudioVersion = 16.0.29613.14
MinimumVisualStudioVersion = 10.0.40219.1
Project("{FAE04EC0-301F-11D3-BF4B-00C04F79EFBC}") = "GtcDevIoSampleApp", "GtcDevIoSampleApp.csproj", "{9CA1386F-1B12-49D1-9191-EA3015BA345E}"
	ProjectSection(ProjectDependencies) = postProject
		{49905D82-910A-476C-ABA4-A1B8E1177388} = {49905D82-910A-476C-ABA4-A1B8E1177388}
	EndProjectSection
EndProject
Project("{FAE04EC0-301F-11D3-BF4B-00C04F79EFBC}") = "GtcDevIo", "Dll\GtcDevIo\GtcDevIo.csproj", "{49905D82-910A-476C-ABA4-A1B8E1177388}"
EndProject
Project("{FAE04EC0-301F-11D3-BF4B-00C04F79EFBC}") = "FileControlWindow", "FileControlWindow\FileControlWindow.csproj", "{AF08B2F1-2F8A-4776-9F15-D522A049DFC2}"
EndProject
Global
	GlobalSection(SolutionConfigurationPlatforms) = preSolution
		Debug|Any CPU = Debug|Any CPU
		Release|Any CPU = Release|Any CPU
	EndGlobalSection
	GlobalSection(ProjectConfigurationPlatforms) = postSolution
		{9CA1386F-1B12-49D1-9191-EA3015BA345E}.Debug|Any CPU.ActiveCfg = Debug|Any CPU
		{9CA1386F-1B12-49D1-9191-EA3015BA345E}.Debug|Any CPU.Build.0 = Debug|Any CPU
		{9CA1386F-1B12-49D1-9191-EA3015BA345E}.Release|Any CPU.ActiveCfg = Release|Any CPU
		{9CA1386F-1B12-49D1-9191-EA3015BA345E}.Release|Any CPU.Build.0 = Release|Any CPU
		{49905D82-910A-476C-ABA4-A1B8E1177388}.Debug|Any CPU.ActiveCfg = Debug|Any CPU
		{49905D82-910A-476C-ABA4-A1B8E1177388}.Debug|Any CPU.Build.0 = Debug|Any CPU
		{49905D82-910A-476C-ABA4-A1B8E1177388}.Release|Any CPU.ActiveCfg = Release|Any CPU
		{49905D82-910A-476C-ABA4-A1B8E1177388}.Release|Any CPU.Build.0 = Release|Any CPU
		{AF08B2F1-2F8A-4776-9F15-D522A049DFC2}.Debug|Any CPU.ActiveCfg = Debug|Any CPU
		{AF08B2F1-2F8A-4776-9F15-D522A049DFC2}.Debug|Any CPU.Build.0 = Debug|Any CPU
		{AF08B2F1-2F8A-4776-9F15-D522A049DFC2}.Release|Any CPU.ActiveCfg = Release|Any CPU
		{AF08B2F1-2F8A-4776-9F15-D522A049DFC2}.Release|Any CPU.Build.0 = Release|Any CPU
	EndGlobalSection
	GlobalSection(SolutionProperties) = preSolution
		HideSolutionNode = FALSE
	EndGlobalSection
	GlobalSection(ExtensibilityGlobals) = postSolution
		SolutionGuid = {87E41BA6-0C72-4B7A-986F-948EC0884395}
	EndGlobalSection
EndGlobal
